Microsoft Visual Studio Solution File, Format Version 12.00
# Visual Studio 2013
Project("{8BC9CEB8-8B4A-11D0-8D11-00A0C91BC942}") = "ALL_BUILD", "ALL_BUILD.vcxproj", "{405D7537-D3F4-434E-BFD9-16C0A4ED7FD5}"
	ProjectSection(ProjectDependencies) = postProject
		{FFD6C6C9-A1E6-4B8E-B04A-2E09637E85F7} = {FFD6C6C9-A1E6-4B8E-B04A-2E09637E85F7}
		{3E62DC32-DF85-42B1-BE94-0E3D8284C3D5} = {3E62DC32-DF85-42B1-BE94-0E3D8284C3D5}
		{1C34B6DD-5B1F-4AF5-9A16-43E48CD2CD68} = {1C34B6DD-5B1F-4AF5-9A16-43E48CD2CD68}
		{A3C54004-736D-4056-8F92-1BD106BC96E5} = {A3C54004-736D-4056-8F92-1BD106BC96E5}
		{89BA5EDF-FEDB-4BDB-BB46-1A0D10746294} = {89BA5EDF-FEDB-4BDB-BB46-1A0D10746294}
		{2F5BCBF7-EED8-40CE-B1BF-BBBF891C0A32} = {2F5BCBF7-EED8-40CE-B1BF-BBBF891C0A32}
	EndProjectSection
EndProject
Project("{8BC9CEB8-8B4A-11D0-8D11-00A0C91BC942}") = "INSTALL", "INSTALL.vcxproj", "{9347D79F-07A0-4A1A-A814-83B16CDF6185}"
	ProjectSection(ProjectDependencies) = postProject
		{405D7537-D3F4-434E-BFD9-16C0A4ED7FD5} = {405D7537-D3F4-434E-BFD9-16C0A4ED7FD5}
	EndProjectSection
EndProject
Project("{8BC9CEB8-8B4A-11D0-8D11-00A0C91BC942}") = "ZERO_CHECK", "ZERO_CHECK.vcxproj", "{FFD6C6C9-A1E6-4B8E-B04A-2E09637E85F7}"
	ProjectSection(ProjectDependencies) = postProject
	EndProjectSection
EndProject
Project("{8BC9CEB8-8B4A-11D0-8D11-00A0C91BC942}") = "config++", "src\3rdparty\libconfig\config++.vcxproj", "{3E62DC32-DF85-42B1-BE94-0E3D8284C3D5}"
	ProjectSection(ProjectDependencies) = postProject
		{FFD6C6C9-A1E6-4B8E-B04A-2E09637E85F7} = {FFD6C6C9-A1E6-4B8E-B04A-2E09637E85F7}
	EndProjectSection
EndProject
Project("{8BC9CEB8-8B4A-11D0-8D11-00A0C91BC942}") = "cvblobs", "src\3rdparty\cvblobs\cvblobs.vcxproj", "{1C34B6DD-5B1F-4AF5-9A16-43E48CD2CD68}"
	ProjectSection(ProjectDependencies) = postProject
		{FFD6C6C9-A1E6-4B8E-B04A-2E09637E85F7} = {FFD6C6C9-A1E6-4B8E-B04A-2E09637E85F7}
	EndProjectSection
EndProject
Project("{8BC9CEB8-8B4A-11D0-8D11-00A0C91BC942}") = "libopentld", "src\libopentld\libopentld.vcxproj", "{A3C54004-736D-4056-8F92-1BD106BC96E5}"
	ProjectSection(ProjectDependencies) = postProject
		{FFD6C6C9-A1E6-4B8E-B04A-2E09637E85F7} = {FFD6C6C9-A1E6-4B8E-B04A-2E09637E85F7}
	EndProjectSection
EndProject
Project("{8BC9CEB8-8B4A-11D0-8D11-00A0C91BC942}") = "main", "src\opentld\main.vcxproj", "{89BA5EDF-FEDB-4BDB-BB46-1A0D10746294}"
	ProjectSection(ProjectDependencies) = postProject
		{FFD6C6C9-A1E6-4B8E-B04A-2E09637E85F7} = {FFD6C6C9-A1E6-4B8E-B04A-2E09637E85F7}
		{3E62DC32-DF85-42B1-BE94-0E3D8284C3D5} = {3E62DC32-DF85-42B1-BE94-0E3D8284C3D5}
		{1C34B6DD-5B1F-4AF5-9A16-43E48CD2CD68} = {1C34B6DD-5B1F-4AF5-9A16-43E48CD2CD68}
		{A3C54004-736D-4056-8F92-1BD106BC96E5} = {A3C54004-736D-4056-8F92-1BD106BC96E5}
	EndProjectSection
EndProject
Project("{8BC9CEB8-8B4A-11D0-8D11-00A0C91BC942}") = "opentld", "src\opentld\opentld.vcxproj", "{2F5BCBF7-EED8-40CE-B1BF-BBBF891C0A32}"
	ProjectSection(ProjectDependencies) = postProject
		{FFD6C6C9-A1E6-4B8E-B04A-2E09637E85F7} = {FFD6C6C9-A1E6-4B8E-B04A-2E09637E85F7}
		{3E62DC32-DF85-42B1-BE94-0E3D8284C3D5} = {3E62DC32-DF85-42B1-BE94-0E3D8284C3D5}
		{1C34B6DD-5B1F-4AF5-9A16-43E48CD2CD68} = {1C34B6DD-5B1F-4AF5-9A16-43E48CD2CD68}
		{A3C54004-736D-4056-8F92-1BD106BC96E5} = {A3C54004-736D-4056-8F92-1BD106BC96E5}
		{89BA5EDF-FEDB-4BDB-BB46-1A0D10746294} = {89BA5EDF-FEDB-4BDB-BB46-1A0D10746294}
	EndProjectSection
EndProject
Global
	GlobalSection(SolutionConfigurationPlatforms) = preSolution
		Debug|x64 = Debug|x64
		Release|x64 = Release|x64
		MinSizeRel|x64 = MinSizeRel|x64
		RelWithDebInfo|x64 = RelWithDebInfo|x64
	EndGlobalSection
	GlobalSection(ProjectConfigurationPlatforms) = postSolution
		{405D7537-D3F4-434E-BFD9-16C0A4ED7FD5}.Debug|x64.ActiveCfg = Debug|x64
		{405D7537-D3F4-434E-BFD9-16C0A4ED7FD5}.Debug|x64.Build.0 = Debug|x64
		{405D7537-D3F4-434E-BFD9-16C0A4ED7FD5}.Release|x64.ActiveCfg = Release|x64
		{405D7537-D3F4-434E-BFD9-16C0A4ED7FD5}.Release|x64.Build.0 = Release|x64
		{405D7537-D3F4-434E-BFD9-16C0A4ED7FD5}.MinSizeRel|x64.ActiveCfg = MinSizeRel|x64
		{405D7537-D3F4-434E-BFD9-16C0A4ED7FD5}.MinSizeRel|x64.Build.0 = MinSizeRel|x64
		{405D7537-D3F4-434E-BFD9-16C0A4ED7FD5}.RelWithDebInfo|x64.ActiveCfg = RelWithDebInfo|x64
		{405D7537-D3F4-434E-BFD9-16C0A4ED7FD5}.RelWithDebInfo|x64.Build.0 = RelWithDebInfo|x64
		{9347D79F-07A0-4A1A-A814-83B16CDF6185}.Debug|x64.ActiveCfg = Debug|x64
		{9347D79F-07A0-4A1A-A814-83B16CDF6185}.Release|x64.ActiveCfg = Release|x64
		{9347D79F-07A0-4A1A-A814-83B16CDF6185}.MinSizeRel|x64.ActiveCfg = MinSizeRel|x64
		{9347D79F-07A0-4A1A-A814-83B16CDF6185}.RelWithDebInfo|x64.ActiveCfg = RelWithDebInfo|x64
		{FFD6C6C9-A1E6-4B8E-B04A-2E09637E85F7}.Debug|x64.ActiveCfg = Debug|x64
		{FFD6C6C9-A1E6-4B8E-B04A-2E09637E85F7}.Debug|x64.Build.0 = Debug|x64
		{FFD6C6C9-A1E6-4B8E-B04A-2E09637E85F7}.Release|x64.ActiveCfg = Release|x64
		{FFD6C6C9-A1E6-4B8E-B04A-2E09637E85F7}.Release|x64.Build.0 = Release|x64
		{FFD6C6C9-A1E6-4B8E-B04A-2E09637E85F7}.MinSizeRel|x64.ActiveCfg = MinSizeRel|x64
		{FFD6C6C9-A1E6-4B8E-B04A-2E09637E85F7}.MinSizeRel|x64.Build.0 = MinSizeRel|x64
		{FFD6C6C9-A1E6-4B8E-B04A-2E09637E85F7}.RelWithDebInfo|x64.ActiveCfg = RelWithDebInfo|x64
		{FFD6C6C9-A1E6-4B8E-B04A-2E09637E85F7}.RelWithDebInfo|x64.Build.0 = RelWithDebInfo|x64
		{3E62DC32-DF85-42B1-BE94-0E3D8284C3D5}.Debug|x64.ActiveCfg = Debug|x64
		{3E62DC32-DF85-42B1-BE94-0E3D8284C3D5}.Debug|x64.Build.0 = Debug|x64
		{3E62DC32-DF85-42B1-BE94-0E3D8284C3D5}.Release|x64.ActiveCfg = Release|x64
		{3E62DC32-DF85-42B1-BE94-0E3D8284C3D5}.Release|x64.Build.0 = Release|x64
		{3E62DC32-DF85-42B1-BE94-0E3D8284C3D5}.MinSizeRel|x64.ActiveCfg = MinSizeRel|x64
		{3E62DC32-DF85-42B1-BE94-0E3D8284C3D5}.MinSizeRel|x64.Build.0 = MinSizeRel|x64
		{3E62DC32-DF85-42B1-BE94-0E3D8284C3D5}.RelWithDebInfo|x64.ActiveCfg = RelWithDebInfo|x64
		{3E62DC32-DF85-42B1-BE94-0E3D8284C3D5}.RelWithDebInfo|x64.Build.0 = RelWithDebInfo|x64
		{1C34B6DD-5B1F-4AF5-9A16-43E48CD2CD68}.Debug|x64.ActiveCfg = Debug|x64
		{1C34B6DD-5B1F-4AF5-9A16-43E48CD2CD68}.Debug|x64.Build.0 = Debug|x64
		{1C34B6DD-5B1F-4AF5-9A16-43E48CD2CD68}.Release|x64.ActiveCfg = Release|x64
		{1C34B6DD-5B1F-4AF5-9A16-43E48CD2CD68}.Release|x64.Build.0 = Release|x64
		{1C34B6DD-5B1F-4AF5-9A16-43E48CD2CD68}.MinSizeRel|x64.ActiveCfg = MinSizeRel|x64
		{1C34B6DD-5B1F-4AF5-9A16-43E48CD2CD68}.MinSizeRel|x64.Build.0 = MinSizeRel|x64
		{1C34B6DD-5B1F-4AF5-9A16-43E48CD2CD68}.RelWithDebInfo|x64.ActiveCfg = RelWithDebInfo|x64
		{1C34B6DD-5B1F-4AF5-9A16-43E48CD2CD68}.RelWithDebInfo|x64.Build.0 = RelWithDebInfo|x64
		{A3C54004-736D-4056-8F92-1BD106BC96E5}.Debug|x64.ActiveCfg = Debug|x64
		{A3C54004-736D-4056-8F92-1BD106BC96E5}.Debug|x64.Build.0 = Debug|x64
		{A3C54004-736D-4056-8F92-1BD106BC96E5}.Release|x64.ActiveCfg = Release|x64
		{A3C54004-736D-4056-8F92-1BD106BC96E5}.Release|x64.Build.0 = Release|x64
		{A3C54004-736D-4056-8F92-1BD106BC96E5}.MinSizeRel|x64.ActiveCfg = MinSizeRel|x64
		{A3C54004-736D-4056-8F92-1BD106BC96E5}.MinSizeRel|x64.Build.0 = MinSizeRel|x64
		{A3C54004-736D-4056-8F92-1BD106BC96E5}.RelWithDebInfo|x64.ActiveCfg = RelWithDebInfo|x64
		{A3C54004-736D-4056-8F92-1BD106BC96E5}.RelWithDebInfo|x64.Build.0 = RelWithDebInfo|x64
		{89BA5EDF-FEDB-4BDB-BB46-1A0D10746294}.Debug|x64.ActiveCfg = Debug|x64
		{89BA5EDF-FEDB-4BDB-BB46-1A0D10746294}.Debug|x64.Build.0 = Debug|x64
		{89BA5EDF-FEDB-4BDB-BB46-1A0D10746294}.Release|x64.ActiveCfg = Release|x64
		{89BA5EDF-FEDB-4BDB-BB46-1A0D10746294}.Release|x64.Build.0 = Release|x64
		{89BA5EDF-FEDB-4BDB-BB46-1A0D10746294}.MinSizeRel|x64.ActiveCfg = MinSizeRel|x64
		{89BA5EDF-FEDB-4BDB-BB46-1A0D10746294}.MinSizeRel|x64.Build.0 = MinSizeRel|x64
		{89BA5EDF-FEDB-4BDB-BB46-1A0D10746294}.RelWithDebInfo|x64.ActiveCfg = RelWithDebInfo|x64
		{89BA5EDF-FEDB-4BDB-BB46-1A0D10746294}.RelWithDebInfo|x64.Build.0 = RelWithDebInfo|x64
		{2F5BCBF7-EED8-40CE-B1BF-BBBF891C0A32}.Debug|x64.ActiveCfg = Debug|x64
		{2F5BCBF7-EED8-40CE-B1BF-BBBF891C0A32}.Debug|x64.Build.0 = Debug|x64
		{2F5BCBF7-EED8-40CE-B1BF-BBBF891C0A32}.Release|x64.ActiveCfg = Release|x64
		{2F5BCBF7-EED8-40CE-B1BF-BBBF891C0A32}.Release|x64.Build.0 = Release|x64
		{2F5BCBF7-EED8-40CE-B1BF-BBBF891C0A32}.MinSizeRel|x64.ActiveCfg = MinSizeRel|x64
		{2F5BCBF7-EED8-40CE-B1BF-BBBF891C0A32}.MinSizeRel|x64.Build.0 = MinSizeRel|x64
		{2F5BCBF7-EED8-40CE-B1BF-BBBF891C0A32}.RelWithDebInfo|x64.ActiveCfg = RelWithDebInfo|x64
		{2F5BCBF7-EED8-40CE-B1BF-BBBF891C0A32}.RelWithDebInfo|x64.Build.0 = RelWithDebInfo|x64
	EndGlobalSection
	GlobalSection(ExtensibilityGlobals) = postSolution
	EndGlobalSection
	GlobalSection(ExtensibilityAddIns) = postSolution
	EndGlobalSection
EndGlobal
