<?xml version="1.0" encoding="Windows-1252"?>
<Project ToolsVersion="12.0" xmlns="http://schemas.microsoft.com/developer/msbuild/2003">
  <ItemGroup>
    <ClCompile Include="main\Config.cpp">
      <Filter>Source Files</Filter>
    </ClCompile>
    <ClCompile Include="main\Gui.cpp">
      <Filter>Source Files</Filter>
    </ClCompile>
    <ClCompile Include="main\Main.cpp">
      <Filter>Source Files</Filter>
    </ClCompile>
    <ClCompile Include="main\Settings.cpp">
      <Filter>Source Files</Filter>
    </ClCompile>
    <ClCompile Include="main\Trajectory.cpp">
      <Filter>Source Files</Filter>
    </ClCompile>
  </ItemGroup>
  <ItemGroup>
    <ClInclude Include="main\Config.h">
      <Filter>Header Files</Filter>
    </ClInclude>
    <ClInclude Include="main\Gui.h">
      <Filter>Header Files</Filter>
    </ClInclude>
    <ClInclude Include="main\Main.h">
      <Filter>Header Files</Filter>
    </ClInclude>
    <ClInclude Include="main\Settings.h">
      <Filter>Header Files</Filter>
    </ClInclude>
    <ClInclude Include="main\Trajectory.h">
      <Filter>Header Files</Filter>
    </ClInclude>
  </ItemGroup>
  <ItemGroup>
    <CustomBuild Include="CMakeLists.txt" />
  </ItemGroup>
  <ItemGroup>
    <Filter Include="Source Files">
      <UniqueIdentifier>{5B1DECF7-8C0A-487E-9A94-2A5517CF2F60}</UniqueIdentifier>
    </Filter>
    <Filter Include="Header Files">
      <UniqueIdentifier>{6B674D54-6B1A-4A8E-BFD9-D57DC8DA56FF}</UniqueIdentifier>
    </Filter>
  </ItemGroup>
</Project>
